// !$*UTF8*$!
{
	archiveVersion = 1;
	classes = {
	};
	objectVersion = 55;
	objects = {

/* Begin PBXBuildFile section */
		5DB272C8284B925D007FA8B8 /* main.swift in Sources */ = {isa = PBXBuildFile; fileRef = 5DB272C7284B925D007FA8B8 /* main.swift */; };
		5DB272D0284B956B007FA8B8 /* SwiftCursesTerm in Frameworks */ = {isa = PBXBuildFile; productRef = 5DB272CF284B956B007FA8B8 /* SwiftCursesTerm */; };
		5DB272D2284BB61D007FA8B8 /* dummy_data.swift in Sources */ = {isa = PBXBuildFile; fileRef = 5DB272D1284BB61D007FA8B8 /* dummy_data.swift */; };
		5DB272D8284CC92D007FA8B8 /* search_term.swift in Sources */ = {isa = PBXBuildFile; fileRef = 5DB272D7284CC92D007FA8B8 /* search_term.swift */; };
		5DB272DA284CC94B007FA8B8 /* search_controller.swift in Sources */ = {isa = PBXBuildFile; fileRef = 5DB272D9284CC94B007FA8B8 /* search_controller.swift */; };
		5DB272DC284CC9FE007FA8B8 /* ui.swift in Sources */ = {isa = PBXBuildFile; fileRef = 5DB272DB284CC9FE007FA8B8 /* ui.swift */; };
		5DB272DE284CD1C0007FA8B8 /* color.swift in Sources */ = {isa = PBXBuildFile; fileRef = 5DB272DD284CD1C0007FA8B8 /* color.swift */; };
		5DB272E0284CFBD2007FA8B8 /* string_utils.swift in Sources */ = {isa = PBXBuildFile; fileRef = 5DB272DF284CFBD2007FA8B8 /* string_utils.swift */; };
		5DB272E2284D0E59007FA8B8 /* array_utils.swift in Sources */ = {isa = PBXBuildFile; fileRef = 5DB272E1284D0E59007FA8B8 /* array_utils.swift */; };
/* End PBXBuildFile section */

/* Begin PBXCopyFilesBuildPhase section */
		5DB272C2284B925D007FA8B8 /* CopyFiles */ = {
			isa = PBXCopyFilesBuildPhase;
			buildActionMask = 2147483647;
			dstPath = /usr/share/man/man1/;
			dstSubfolderSpec = 0;
			files = (
			);
			runOnlyForDeploymentPostprocessing = 1;
		};
/* End PBXCopyFilesBuildPhase section */

/* Begin PBXFileReference section */
		5DB272C4284B925D007FA8B8 /* aliasengine */ = {isa = PBXFileReference; explicitFileType = "compiled.mach-o.executable"; includeInIndex = 0; path = aliasengine; sourceTree = BUILT_PRODUCTS_DIR; };
		5DB272C7284B925D007FA8B8 /* main.swift */ = {isa = PBXFileReference; lastKnownFileType = sourcecode.swift; path = main.swift; sourceTree = "<group>"; };
		5DB272D1284BB61D007FA8B8 /* dummy_data.swift */ = {isa = PBXFileReference; lastKnownFileType = sourcecode.swift; path = dummy_data.swift; sourceTree = "<group>"; };
		5DB272D7284CC92D007FA8B8 /* search_term.swift */ = {isa = PBXFileReference; lastKnownFileType = sourcecode.swift; path = search_term.swift; sourceTree = "<group>"; };
		5DB272D9284CC94B007FA8B8 /* search_controller.swift */ = {isa = PBXFileReference; lastKnownFileType = sourcecode.swift; path = search_controller.swift; sourceTree = "<group>"; };
		5DB272DB284CC9FE007FA8B8 /* ui.swift */ = {isa = PBXFileReference; lastKnownFileType = sourcecode.swift; path = ui.swift; sourceTree = "<group>"; };
		5DB272DD284CD1C0007FA8B8 /* color.swift */ = {isa = PBXFileReference; lastKnownFileType = sourcecode.swift; path = color.swift; sourceTree = "<group>"; };
		5DB272DF284CFBD2007FA8B8 /* string_utils.swift */ = {isa = PBXFileReference; lastKnownFileType = sourcecode.swift; path = string_utils.swift; sourceTree = "<group>"; };
		5DB272E1284D0E59007FA8B8 /* array_utils.swift */ = {isa = PBXFileReference; lastKnownFileType = sourcecode.swift; path = array_utils.swift; sourceTree = "<group>"; };
/* End PBXFileReference section */

/* Begin PBXFrameworksBuildPhase section */
		5DB272C1284B925D007FA8B8 /* Frameworks */ = {
			isa = PBXFrameworksBuildPhase;
			buildActionMask = 2147483647;
			files = (
				5DB272D0284B956B007FA8B8 /* SwiftCursesTerm in Frameworks */,
			);
			runOnlyForDeploymentPostprocessing = 0;
		};
/* End PBXFrameworksBuildPhase section */

/* Begin PBXGroup section */
		5DB272BB284B925D007FA8B8 = {
			isa = PBXGroup;
			children = (
				5DB272C6284B925D007FA8B8 /* aliasengine */,
				5DB272C5284B925D007FA8B8 /* Products */,
			);
			sourceTree = "<group>";
		};
		5DB272C5284B925D007FA8B8 /* Products */ = {
			isa = PBXGroup;
			children = (
				5DB272C4284B925D007FA8B8 /* aliasengine */,
			);
			name = Products;
			sourceTree = "<group>";
		};
		5DB272C6284B925D007FA8B8 /* aliasengine */ = {
			isa = PBXGroup;
			children = (
				5DB272C7284B925D007FA8B8 /* main.swift */,
				5DB272D1284BB61D007FA8B8 /* dummy_data.swift */,
				5DB272D7284CC92D007FA8B8 /* search_term.swift */,
				5DB272D9284CC94B007FA8B8 /* search_controller.swift */,
				5DB272DB284CC9FE007FA8B8 /* ui.swift */,
				5DB272DD284CD1C0007FA8B8 /* color.swift */,
				5DB272DF284CFBD2007FA8B8 /* string_utils.swift */,
				5DB272E1284D0E59007FA8B8 /* array_utils.swift */,
			);
			path = aliasengine;
			sourceTree = "<group>";
		};
/* End PBXGroup section */

/* Begin PBXNativeTarget section */
		5DB272C3284B925D007FA8B8 /* aliasengine */ = {
			isa = PBXNativeTarget;
			buildConfigurationList = 5DB272CB284B925D007FA8B8 /* Build configuration list for PBXNativeTarget "aliasengine" */;
			buildPhases = (
				5DB272C0284B925D007FA8B8 /* Sources */,
				5DB272C1284B925D007FA8B8 /* Frameworks */,
				5DB272C2284B925D007FA8B8 /* CopyFiles */,
			);
			buildRules = (
			);
			dependencies = (
			);
			name = aliasengine;
			packageProductDependencies = (
				5DB272CF284B956B007FA8B8 /* SwiftCursesTerm */,
			);
			productName = aliasengine;
			productReference = 5DB272C4284B925D007FA8B8 /* aliasengine */;
			productType = "com.apple.product-type.tool";
		};
/* End PBXNativeTarget section */

/* Begin PBXProject section */
		5DB272BC284B925D007FA8B8 /* Project object */ = {
			isa = PBXProject;
			attributes = {
				BuildIndependentTargetsInParallel = 1;
				LastSwiftUpdateCheck = 1320;
				LastUpgradeCheck = 1320;
				TargetAttributes = {
					5DB272C3284B925D007FA8B8 = {
						CreatedOnToolsVersion = 13.2.1;
					};
				};
			};
			buildConfigurationList = 5DB272BF284B925D007FA8B8 /* Build configuration list for PBXProject "aliasengine" */;
			compatibilityVersion = "Xcode 13.0";
			developmentRegion = en;
			hasScannedForEncodings = 0;
			knownRegions = (
				en,
				Base,
			);
			mainGroup = 5DB272BB284B925D007FA8B8;
			packageReferences = (
				5DB272CE284B956B007FA8B8 /* XCRemoteSwiftPackageReference "SwiftCursesTerm" */,
			);
			productRefGroup = 5DB272C5284B925D007FA8B8 /* Products */;
			projectDirPath = "";
			projectRoot = "";
			targets = (
				5DB272C3284B925D007FA8B8 /* aliasengine */,
			);
		};
/* End PBXProject section */

/* Begin PBXSourcesBuildPhase section */
		5DB272C0284B925D007FA8B8 /* Sources */ = {
			isa = PBXSourcesBuildPhase;
			buildActionMask = 2147483647;
			files = (
				5DB272E0284CFBD2007FA8B8 /* string_utils.swift in Sources */,
				5DB272DE284CD1C0007FA8B8 /* color.swift in Sources */,
				5DB272DC284CC9FE007FA8B8 /* ui.swift in Sources */,
				5DB272E2284D0E59007FA8B8 /* array_utils.swift in Sources */,
				5DB272D8284CC92D007FA8B8 /* search_term.swift in Sources */,
				5DB272DA284CC94B007FA8B8 /* search_controller.swift in Sources */,
				5DB272D2284BB61D007FA8B8 /* dummy_data.swift in Sources */,
				5DB272C8284B925D007FA8B8 /* main.swift in Sources */,
			);
			runOnlyForDeploymentPostprocessing = 0;
		};
/* End PBXSourcesBuildPhase section */

/* Begin XCBuildConfiguration section */
		5DB272C9284B925D007FA8B8 /* Debug */ = {
			isa = XCBuildConfiguration;
			buildSettings = {
				ALWAYS_SEARCH_USER_PATHS = NO;
				CLANG_ANALYZER_NONNULL = YES;
				CLANG_ANALYZER_NUMBER_OBJECT_CONVERSION = YES_AGGRESSIVE;
				CLANG_CXX_LANGUAGE_STANDARD = "gnu++17";
				CLANG_CXX_LIBRARY = "libc++";
				CLANG_ENABLE_MODULES = YES;
				CLANG_ENABLE_OBJC_ARC = YES;
				CLANG_ENABLE_OBJC_WEAK = YES;
				CLANG_WARN_BLOCK_CAPTURE_AUTORELEASING = YES;
				CLANG_WARN_BOOL_CONVERSION = YES;
				CLANG_WARN_COMMA = YES;
				CLANG_WARN_CONSTANT_CONVERSION = YES;
				CLANG_WARN_DEPRECATED_OBJC_IMPLEMENTATIONS = YES;
				CLANG_WARN_DIRECT_OBJC_ISA_USAGE = YES_ERROR;
				CLANG_WARN_DOCUMENTATION_COMMENTS = YES;
				CLANG_WARN_EMPTY_BODY = YES;
				CLANG_WARN_ENUM_CONVERSION = YES;
				CLANG_WARN_INFINITE_RECURSION = YES;
				CLANG_WARN_INT_CONVERSION = YES;
				CLANG_WARN_NON_LITERAL_NULL_CONVERSION = YES;
				CLANG_WARN_OBJC_IMPLICIT_RETAIN_SELF = YES;
				CLANG_WARN_OBJC_LITERAL_CONVERSION = YES;
				CLANG_WARN_OBJC_ROOT_CLASS = YES_ERROR;
				CLANG_WARN_QUOTED_INCLUDE_IN_FRAMEWORK_HEADER = YES;
				CLANG_WARN_RANGE_LOOP_ANALYSIS = YES;
				CLANG_WARN_STRICT_PROTOTYPES = YES;
				CLANG_WARN_SUSPICIOUS_MOVE = YES;
				CLANG_WARN_UNGUARDED_AVAILABILITY = YES_AGGRESSIVE;
				CLANG_WARN_UNREACHABLE_CODE = YES;
				CLANG_WARN__DUPLICATE_METHOD_MATCH = YES;
				COPY_PHASE_STRIP = NO;
				DEBUG_INFORMATION_FORMAT = dwarf;
				ENABLE_STRICT_OBJC_MSGSEND = YES;
				ENABLE_TESTABILITY = YES;
				GCC_C_LANGUAGE_STANDARD = gnu11;
				GCC_DYNAMIC_NO_PIC = NO;
				GCC_NO_COMMON_BLOCKS = YES;
				GCC_OPTIMIZATION_LEVEL = 0;
				GCC_PREPROCESSOR_DEFINITIONS = (
					"DEBUG=1",
					"$(inherited)",
				);
				GCC_WARN_64_TO_32_BIT_CONVERSION = YES;
				GCC_WARN_ABOUT_RETURN_TYPE = YES_ERROR;
				GCC_WARN_UNDECLARED_SELECTOR = YES;
				GCC_WARN_UNINITIALIZED_AUTOS = YES_AGGRESSIVE;
				GCC_WARN_UNUSED_FUNCTION = YES;
				GCC_WARN_UNUSED_VARIABLE = YES;
				MACOSX_DEPLOYMENT_TARGET = 11.5;
				MTL_ENABLE_DEBUG_INFO = INCLUDE_SOURCE;
				MTL_FAST_MATH = YES;
				ONLY_ACTIVE_ARCH = YES;
				SDKROOT = macosx;
				SWIFT_ACTIVE_COMPILATION_CONDITIONS = DEBUG;
				SWIFT_OPTIMIZATION_LEVEL = "-Onone";
			};
			name = Debug;
		};
		5DB272CA284B925D007FA8B8 /* Release */ = {
			isa = XCBuildConfiguration;
			buildSettings = {
				ALWAYS_SEARCH_USER_PATHS = NO;
				CLANG_ANALYZER_NONNULL = YES;
				CLANG_ANALYZER_NUMBER_OBJECT_CONVERSION = YES_AGGRESSIVE;
				CLANG_CXX_LANGUAGE_STANDARD = "gnu++17";
				CLANG_CXX_LIBRARY = "libc++";
				CLANG_ENABLE_MODULES = YES;
				CLANG_ENABLE_OBJC_ARC = YES;
				CLANG_ENABLE_OBJC_WEAK = YES;
				CLANG_WARN_BLOCK_CAPTURE_AUTORELEASING = YES;
				CLANG_WARN_BOOL_CONVERSION = YES;
				CLANG_WARN_COMMA = YES;
				CLANG_WARN_CONSTANT_CONVERSION = YES;
				CLANG_WARN_DEPRECATED_OBJC_IMPLEMENTATIONS = YES;
				CLANG_WARN_DIRECT_OBJC_ISA_USAGE = YES_ERROR;
				CLANG_WARN_DOCUMENTATION_COMMENTS = YES;
				CLANG_WARN_EMPTY_BODY = YES;
				CLANG_WARN_ENUM_CONVERSION = YES;
				CLANG_WARN_INFINITE_RECURSION = YES;
				CLANG_WARN_INT_CONVERSION = YES;
				CLANG_WARN_NON_LITERAL_NULL_CONVERSION = YES;
				CLANG_WARN_OBJC_IMPLICIT_RETAIN_SELF = YES;
				CLANG_WARN_OBJC_LITERAL_CONVERSION = YES;
				CLANG_WARN_OBJC_ROOT_CLASS = YES_ERROR;
				CLANG_WARN_QUOTED_INCLUDE_IN_FRAMEWORK_HEADER = YES;
				CLANG_WARN_RANGE_LOOP_ANALYSIS = YES;
				CLANG_WARN_STRICT_PROTOTYPES = YES;
				CLANG_WARN_SUSPICIOUS_MOVE = YES;
				CLANG_WARN_UNGUARDED_AVAILABILITY = YES_AGGRESSIVE;
				CLANG_WARN_UNREACHABLE_CODE = YES;
				CLANG_WARN__DUPLICATE_METHOD_MATCH = YES;
				COPY_PHASE_STRIP = NO;
				DEBUG_INFORMATION_FORMAT = "dwarf-with-dsym";
				ENABLE_NS_ASSERTIONS = NO;
				ENABLE_STRICT_OBJC_MSGSEND = YES;
				GCC_C_LANGUAGE_STANDARD = gnu11;
				GCC_NO_COMMON_BLOCKS = YES;
				GCC_WARN_64_TO_32_BIT_CONVERSION = YES;
				GCC_WARN_ABOUT_RETURN_TYPE = YES_ERROR;
				GCC_WARN_UNDECLARED_SELECTOR = YES;
				GCC_WARN_UNINITIALIZED_AUTOS = YES_AGGRESSIVE;
				GCC_WARN_UNUSED_FUNCTION = YES;
				GCC_WARN_UNUSED_VARIABLE = YES;
				MACOSX_DEPLOYMENT_TARGET = 11.5;
				MTL_ENABLE_DEBUG_INFO = NO;
				MTL_FAST_MATH = YES;
				SDKROOT = macosx;
				SWIFT_COMPILATION_MODE = wholemodule;
				SWIFT_OPTIMIZATION_LEVEL = "-O";
			};
			name = Release;
		};
		5DB272CC284B925D007FA8B8 /* Debug */ = {
			isa = XCBuildConfiguration;
			buildSettings = {
				CODE_SIGN_STYLE = Automatic;
				PRODUCT_NAME = "$(TARGET_NAME)";
				SWIFT_VERSION = 5.0;
			};
			name = Debug;
		};
		5DB272CD284B925D007FA8B8 /* Release */ = {
			isa = XCBuildConfiguration;
			buildSettings = {
				CODE_SIGN_STYLE = Automatic;
				PRODUCT_NAME = "$(TARGET_NAME)";
				SWIFT_VERSION = 5.0;
			};
			name = Release;
		};
/* End XCBuildConfiguration section */

/* Begin XCConfigurationList section */
		5DB272BF284B925D007FA8B8 /* Build configuration list for PBXProject "aliasengine" */ = {
			isa = XCConfigurationList;
			buildConfigurations = (
				5DB272C9284B925D007FA8B8 /* Debug */,
				5DB272CA284B925D007FA8B8 /* Release */,
			);
			defaultConfigurationIsVisible = 0;
			defaultConfigurationName = Release;
		};
		5DB272CB284B925D007FA8B8 /* Build configuration list for PBXNativeTarget "aliasengine" */ = {
			isa = XCConfigurationList;
			buildConfigurations = (
				5DB272CC284B925D007FA8B8 /* Debug */,
				5DB272CD284B925D007FA8B8 /* Release */,
			);
			defaultConfigurationIsVisible = 0;
			defaultConfigurationName = Release;
		};
/* End XCConfigurationList section */

/* Begin XCRemoteSwiftPackageReference section */
		5DB272CE284B956B007FA8B8 /* XCRemoteSwiftPackageReference "SwiftCursesTerm" */ = {
			isa = XCRemoteSwiftPackageReference;
			repositoryURL = "https://github.com/rderik/SwiftCursesTerm.git";
			requirement = {
				kind = upToNextMajorVersion;
				minimumVersion = 0.1.2;
			};
		};
/* End XCRemoteSwiftPackageReference section */

/* Begin XCSwiftPackageProductDependency section */
		5DB272CF284B956B007FA8B8 /* SwiftCursesTerm */ = {
			isa = XCSwiftPackageProductDependency;
			package = 5DB272CE284B956B007FA8B8 /* XCRemoteSwiftPackageReference "SwiftCursesTerm" */;
			productName = SwiftCursesTerm;
		};
/* End XCSwiftPackageProductDependency section */
	};
	rootObject = 5DB272BC284B925D007FA8B8 /* Project object */;
}
